
Microsoft Visual Studio Solution File, Format Version 12.00
# Visual Studio Version 16
VisualStudioVersion = 16.0.31515.178
MinimumVisualStudioVersion = 10.0.40219.1
Project("{FAE04EC0-301F-11D3-BF4B-00C04F79EFBC}") = "DependencyInjection", "DependencyInjection.csproj", "{4820DAA1-8735-4B11-A74D-72475C4A9152}"
EndProject
Global
	GlobalSection(SolutionConfigurationPlatforms) = preSolution
		Debug|Any CPU = Debug|Any CPU
		Release|Any CPU = Release|Any CPU
	EndGlobalSection
	GlobalSection(ProjectConfigurationPlatforms) = postSolution
		{4820DAA1-8735-4B11-A74D-72475C4A9152}.Debug|Any CPU.ActiveCfg = Debug|Any CPU
		{4820DAA1-8735-4B11-A74D-72475C4A9152}.Debug|Any CPU.Build.0 = Debug|Any CPU
		{4820DAA1-8735-4B11-A74D-72475C4A9152}.Release|Any CPU.ActiveCfg = Release|Any CPU
		{4820DAA1-8735-4B11-A74D-72475C4A9152}.Release|Any CPU.Build.0 = Release|Any CPU
	EndGlobalSection
	GlobalSection(SolutionProperties) = preSolution
		HideSolutionNode = FALSE
	EndGlobalSection
	GlobalSection(ExtensibilityGlobals) = postSolution
		SolutionGuid = {6406EE91-4387-4D12-9476-BD9B1FFF03BD}
	EndGlobalSection
EndGlobal
